
Microsoft Visual Studio Solution File, Format Version 12.00
# Visual Studio Version 16
VisualStudioVersion = 16.0.30413.136
MinimumVisualStudioVersion = 10.0.40219.1
Project("{9A19103F-16F7-4668-BE54-9A1E7A4F7556}") = "Lab_1", "Lab_1\Lab_1.csproj", "{AF1BADBB-C00C-4526-9795-1AE21788D008}"
EndProject
Project("{9A19103F-16F7-4668-BE54-9A1E7A4F7556}") = "Lab_2", "Lab_2\Lab_2.csproj", "{751A0C49-2140-4FF5-BCE1-ACF638B544DC}"
EndProject
Project("{9A19103F-16F7-4668-BE54-9A1E7A4F7556}") = "Lab_3", "Lab_3\Lab_3.csproj", "{D301C333-2128-452D-8B0E-7FAE26A5E025}"
EndProject
Project("{9A19103F-16F7-4668-BE54-9A1E7A4F7556}") = "Lab3Tests", "Lab3Tests\Lab3Tests.csproj", "{19425F61-3663-4059-B3E9-41260FBC54E7}"
EndProject
Project("{FAE04EC0-301F-11D3-BF4B-00C04F79EFBC}") = "Lab_4", "Lab_4\Lab_4.csproj", "{D4A68E2D-1F70-4ECE-B914-ED9F9E37A1B3}"
EndProject
Project("{FAE04EC0-301F-11D3-BF4B-00C04F79EFBC}") = "Lab_5", "Lab_5\Lab_5.csproj", "{2921672B-403C-4104-A6A8-5275DF0C9E2E}"
EndProject
Project("{FAE04EC0-301F-11D3-BF4B-00C04F79EFBC}") = "Lab5ShapesDrawing", "Lab5ShapesDrawing\Lab5ShapesDrawing.csproj", "{CED49D2C-42BA-4A6C-8E56-BE4029E9F765}"
EndProject
Project("{FAE04EC0-301F-11D3-BF4B-00C04F79EFBC}") = "Lab_6_1_v13", "Lab_6_1_v13\Lab_6_1_v13.csproj", "{48A9FB3F-8CDE-4087-828D-A4F7439677DF}"
EndProject
Project("{FAE04EC0-301F-11D3-BF4B-00C04F79EFBC}") = "Lab_6_1_mainTask", "Lab_6_1_mainTask\Lab_6_1_mainTask.csproj", "{955F8DFB-7124-46E8-B72D-258B3E025A4B}"
EndProject
Global
	GlobalSection(SolutionConfigurationPlatforms) = preSolution
		Debug|Any CPU = Debug|Any CPU
		Release|Any CPU = Release|Any CPU
	EndGlobalSection
	GlobalSection(ProjectConfigurationPlatforms) = postSolution
		{AF1BADBB-C00C-4526-9795-1AE21788D008}.Debug|Any CPU.ActiveCfg = Debug|Any CPU
		{AF1BADBB-C00C-4526-9795-1AE21788D008}.Debug|Any CPU.Build.0 = Debug|Any CPU
		{AF1BADBB-C00C-4526-9795-1AE21788D008}.Release|Any CPU.ActiveCfg = Release|Any CPU
		{AF1BADBB-C00C-4526-9795-1AE21788D008}.Release|Any CPU.Build.0 = Release|Any CPU
		{751A0C49-2140-4FF5-BCE1-ACF638B544DC}.Debug|Any CPU.ActiveCfg = Debug|Any CPU
		{751A0C49-2140-4FF5-BCE1-ACF638B544DC}.Debug|Any CPU.Build.0 = Debug|Any CPU
		{751A0C49-2140-4FF5-BCE1-ACF638B544DC}.Release|Any CPU.ActiveCfg = Release|Any CPU
		{751A0C49-2140-4FF5-BCE1-ACF638B544DC}.Release|Any CPU.Build.0 = Release|Any CPU
		{D301C333-2128-452D-8B0E-7FAE26A5E025}.Debug|Any CPU.ActiveCfg = Debug|Any CPU
		{D301C333-2128-452D-8B0E-7FAE26A5E025}.Debug|Any CPU.Build.0 = Debug|Any CPU
		{D301C333-2128-452D-8B0E-7FAE26A5E025}.Release|Any CPU.ActiveCfg = Release|Any CPU
		{D301C333-2128-452D-8B0E-7FAE26A5E025}.Release|Any CPU.Build.0 = Release|Any CPU
		{19425F61-3663-4059-B3E9-41260FBC54E7}.Debug|Any CPU.ActiveCfg = Debug|Any CPU
		{19425F61-3663-4059-B3E9-41260FBC54E7}.Debug|Any CPU.Build.0 = Debug|Any CPU
		{19425F61-3663-4059-B3E9-41260FBC54E7}.Release|Any CPU.ActiveCfg = Release|Any CPU
		{19425F61-3663-4059-B3E9-41260FBC54E7}.Release|Any CPU.Build.0 = Release|Any CPU
		{D4A68E2D-1F70-4ECE-B914-ED9F9E37A1B3}.Debug|Any CPU.ActiveCfg = Debug|Any CPU
		{D4A68E2D-1F70-4ECE-B914-ED9F9E37A1B3}.Debug|Any CPU.Build.0 = Debug|Any CPU
		{D4A68E2D-1F70-4ECE-B914-ED9F9E37A1B3}.Release|Any CPU.ActiveCfg = Release|Any CPU
		{D4A68E2D-1F70-4ECE-B914-ED9F9E37A1B3}.Release|Any CPU.Build.0 = Release|Any CPU
		{2921672B-403C-4104-A6A8-5275DF0C9E2E}.Debug|Any CPU.ActiveCfg = Debug|Any CPU
		{2921672B-403C-4104-A6A8-5275DF0C9E2E}.Debug|Any CPU.Build.0 = Debug|Any CPU
		{2921672B-403C-4104-A6A8-5275DF0C9E2E}.Release|Any CPU.ActiveCfg = Release|Any CPU
		{2921672B-403C-4104-A6A8-5275DF0C9E2E}.Release|Any CPU.Build.0 = Release|Any CPU
		{CED49D2C-42BA-4A6C-8E56-BE4029E9F765}.Debug|Any CPU.ActiveCfg = Debug|Any CPU
		{CED49D2C-42BA-4A6C-8E56-BE4029E9F765}.Debug|Any CPU.Build.0 = Debug|Any CPU
		{CED49D2C-42BA-4A6C-8E56-BE4029E9F765}.Release|Any CPU.ActiveCfg = Release|Any CPU
		{CED49D2C-42BA-4A6C-8E56-BE4029E9F765}.Release|Any CPU.Build.0 = Release|Any CPU
		{48A9FB3F-8CDE-4087-828D-A4F7439677DF}.Debug|Any CPU.ActiveCfg = Debug|Any CPU
		{48A9FB3F-8CDE-4087-828D-A4F7439677DF}.Debug|Any CPU.Build.0 = Debug|Any CPU
		{48A9FB3F-8CDE-4087-828D-A4F7439677DF}.Release|Any CPU.ActiveCfg = Release|Any CPU
		{48A9FB3F-8CDE-4087-828D-A4F7439677DF}.Release|Any CPU.Build.0 = Release|Any CPU
		{955F8DFB-7124-46E8-B72D-258B3E025A4B}.Debug|Any CPU.ActiveCfg = Debug|Any CPU
		{955F8DFB-7124-46E8-B72D-258B3E025A4B}.Debug|Any CPU.Build.0 = Debug|Any CPU
		{955F8DFB-7124-46E8-B72D-258B3E025A4B}.Release|Any CPU.ActiveCfg = Release|Any CPU
		{955F8DFB-7124-46E8-B72D-258B3E025A4B}.Release|Any CPU.Build.0 = Release|Any CPU
	EndGlobalSection
	GlobalSection(SolutionProperties) = preSolution
		HideSolutionNode = FALSE
	EndGlobalSection
	GlobalSection(ExtensibilityGlobals) = postSolution
		SolutionGuid = {406942D3-0CCF-47E0-8343-A779C63C32D4}
	EndGlobalSection
EndGlobal
