
Microsoft Visual Studio Solution File, Format Version 12.00
# Visual Studio Version 16
VisualStudioVersion = 16.0.30413.136
MinimumVisualStudioVersion = 10.0.40219.1
Project("{9A19103F-16F7-4668-BE54-9A1E7A4F7556}") = "Lab_1", "Lab_1\Lab_1.csproj", "{AF1BADBB-C00C-4526-9795-1AE21788D008}"
EndProject
Project("{9A19103F-16F7-4668-BE54-9A1E7A4F7556}") = "Lab_2", "Lab_2\Lab_2.csproj", "{751A0C49-2140-4FF5-BCE1-ACF638B544DC}"
EndProject
Project("{9A19103F-16F7-4668-BE54-9A1E7A4F7556}") = "Lab_3", "Lab_3\Lab_3.csproj", "{D301C333-2128-452D-8B0E-7FAE26A5E025}"
EndProject
Project("{9A19103F-16F7-4668-BE54-9A1E7A4F7556}") = "Lab3Tests", "Lab3Tests\Lab3Tests.csproj", "{19425F61-3663-4059-B3E9-41260FBC54E7}"
EndProject
Project("{FAE04EC0-301F-11D3-BF4B-00C04F79EFBC}") = "Lab_4", "Lab_4\Lab_4.csproj", "{D4A68E2D-1F70-4ECE-B914-ED9F9E37A1B3}"
EndProject
Project("{FAE04EC0-301F-11D3-BF4B-00C04F79EFBC}") = "Lab_5", "Lab_5\Lab_5.csproj", "{2921672B-403C-4104-A6A8-5275DF0C9E2E}"
EndProject
Project("{FAE04EC0-301F-11D3-BF4B-00C04F79EFBC}") = "Lab5ShapesDrawing", "Lab5ShapesDrawing\Lab5ShapesDrawing.csproj", "{CED49D2C-42BA-4A6C-8E56-BE4029E9F765}"
EndProject
Project("{FAE04EC0-301F-11D3-BF4B-00C04F79EFBC}") = "Lab_6_1_v13", "Lab6\Lab_6_1_v13\Lab_6_1_v13.csproj", "{48A9FB3F-8CDE-4087-828D-A4F7439677DF}"
EndProject
Project("{FAE04EC0-301F-11D3-BF4B-00C04F79EFBC}") = "Lab_6_1_mainTask", "Lab6\Lab_6_1_mainTask\Lab_6_1_mainTask.csproj", "{955F8DFB-7124-46E8-B72D-258B3E025A4B}"
EndProject
Project("{FAE04EC0-301F-11D3-BF4B-00C04F79EFBC}") = "Lab_6_1_mainTask_2", "Lab6\Lab_6_1_mainTask_2\Lab_6_1_mainTask_2.csproj", "{4F7E2D3E-81D3-4D86-B432-5FFE1C087F10}"
EndProject
Project("{FAE04EC0-301F-11D3-BF4B-00C04F79EFBC}") = "Lab_6_1_mainTask_4", "Lab6\Lab_6_1_mainTask_4\Lab_6_1_mainTask_4.csproj", "{86E19746-7D7A-4F17-A50E-F4D67E5D6654}"
EndProject
Project("{FAE04EC0-301F-11D3-BF4B-00C04F79EFBC}") = "Lab_N_catchMe", "Lab_N_catchMe\Lab_N_catchMe.csproj", "{6B2EA173-D759-44F6-B982-1D67D185A8B4}"
EndProject
Project("{FAE04EC0-301F-11D3-BF4B-00C04F79EFBC}") = "Lab_7_task1", "Lab7\Lab_7_task1\Lab_7_task1.csproj", "{EAF0B4C8-1818-4D35-8168-2D6252FD54F7}"
EndProject
Project("{FAE04EC0-301F-11D3-BF4B-00C04F79EFBC}") = "Lab_7_task2", "Lab7\Lab_7_task2\Lab_7_task2.csproj", "{61F928AC-BEAB-4EB9-89F9-5EAF88622C6D}"
EndProject
Project("{FAE04EC0-301F-11D3-BF4B-00C04F79EFBC}") = "Lab7_2", "Lab7\Lab7_2\Lab7_2.csproj", "{6641B2B1-CD42-4BC3-91A9-180B26C1B694}"
EndProject
Project("{FAE04EC0-301F-11D3-BF4B-00C04F79EFBC}") = "Lab7_3", "Lab7\Lab7_3\Lab7_3.csproj", "{45AB1011-F30A-42A5-826F-DBA3E47D2FBC}"
EndProject
Project("{2150E333-8FDC-42A3-9474-1A3956D46DE8}") = "Lab6", "Lab6", "{FDD8EED6-68A7-453A-A7D7-A6EE38F25B54}"
EndProject
Project("{2150E333-8FDC-42A3-9474-1A3956D46DE8}") = "Lab7", "Lab7", "{05A7ED46-4673-4A68-AF67-AEE80DB39DD3}"
EndProject
Project("{FAE04EC0-301F-11D3-BF4B-00C04F79EFBC}") = "SharpWasher", "Lab7\SharpWasher\SharpWasher.csproj", "{B1D90134-3753-457D-B641-9FCA0E3535EA}"
EndProject
Project("{FAE04EC0-301F-11D3-BF4B-00C04F79EFBC}") = "Lab7_4", "Lab7\Lab7_4\Lab7_4.csproj", "{6A5EC354-BDF1-46CD-9AAA-928C8DB378E7}"
EndProject
Global
	GlobalSection(SolutionConfigurationPlatforms) = preSolution
		Debug|Any CPU = Debug|Any CPU
		Release|Any CPU = Release|Any CPU
	EndGlobalSection
	GlobalSection(ProjectConfigurationPlatforms) = postSolution
		{AF1BADBB-C00C-4526-9795-1AE21788D008}.Debug|Any CPU.ActiveCfg = Debug|Any CPU
		{AF1BADBB-C00C-4526-9795-1AE21788D008}.Debug|Any CPU.Build.0 = Debug|Any CPU
		{AF1BADBB-C00C-4526-9795-1AE21788D008}.Release|Any CPU.ActiveCfg = Release|Any CPU
		{AF1BADBB-C00C-4526-9795-1AE21788D008}.Release|Any CPU.Build.0 = Release|Any CPU
		{751A0C49-2140-4FF5-BCE1-ACF638B544DC}.Debug|Any CPU.ActiveCfg = Debug|Any CPU
		{751A0C49-2140-4FF5-BCE1-ACF638B544DC}.Debug|Any CPU.Build.0 = Debug|Any CPU
		{751A0C49-2140-4FF5-BCE1-ACF638B544DC}.Release|Any CPU.ActiveCfg = Release|Any CPU
		{751A0C49-2140-4FF5-BCE1-ACF638B544DC}.Release|Any CPU.Build.0 = Release|Any CPU
		{D301C333-2128-452D-8B0E-7FAE26A5E025}.Debug|Any CPU.ActiveCfg = Debug|Any CPU
		{D301C333-2128-452D-8B0E-7FAE26A5E025}.Debug|Any CPU.Build.0 = Debug|Any CPU
		{D301C333-2128-452D-8B0E-7FAE26A5E025}.Release|Any CPU.ActiveCfg = Release|Any CPU
		{D301C333-2128-452D-8B0E-7FAE26A5E025}.Release|Any CPU.Build.0 = Release|Any CPU
		{19425F61-3663-4059-B3E9-41260FBC54E7}.Debug|Any CPU.ActiveCfg = Debug|Any CPU
		{19425F61-3663-4059-B3E9-41260FBC54E7}.Debug|Any CPU.Build.0 = Debug|Any CPU
		{19425F61-3663-4059-B3E9-41260FBC54E7}.Release|Any CPU.ActiveCfg = Release|Any CPU
		{19425F61-3663-4059-B3E9-41260FBC54E7}.Release|Any CPU.Build.0 = Release|Any CPU
		{D4A68E2D-1F70-4ECE-B914-ED9F9E37A1B3}.Debug|Any CPU.ActiveCfg = Debug|Any CPU
		{D4A68E2D-1F70-4ECE-B914-ED9F9E37A1B3}.Debug|Any CPU.Build.0 = Debug|Any CPU
		{D4A68E2D-1F70-4ECE-B914-ED9F9E37A1B3}.Release|Any CPU.ActiveCfg = Release|Any CPU
		{D4A68E2D-1F70-4ECE-B914-ED9F9E37A1B3}.Release|Any CPU.Build.0 = Release|Any CPU
		{2921672B-403C-4104-A6A8-5275DF0C9E2E}.Debug|Any CPU.ActiveCfg = Debug|Any CPU
		{2921672B-403C-4104-A6A8-5275DF0C9E2E}.Debug|Any CPU.Build.0 = Debug|Any CPU
		{2921672B-403C-4104-A6A8-5275DF0C9E2E}.Release|Any CPU.ActiveCfg = Release|Any CPU
		{2921672B-403C-4104-A6A8-5275DF0C9E2E}.Release|Any CPU.Build.0 = Release|Any CPU
		{CED49D2C-42BA-4A6C-8E56-BE4029E9F765}.Debug|Any CPU.ActiveCfg = Debug|Any CPU
		{CED49D2C-42BA-4A6C-8E56-BE4029E9F765}.Debug|Any CPU.Build.0 = Debug|Any CPU
		{CED49D2C-42BA-4A6C-8E56-BE4029E9F765}.Release|Any CPU.ActiveCfg = Release|Any CPU
		{CED49D2C-42BA-4A6C-8E56-BE4029E9F765}.Release|Any CPU.Build.0 = Release|Any CPU
		{48A9FB3F-8CDE-4087-828D-A4F7439677DF}.Debug|Any CPU.ActiveCfg = Debug|Any CPU
		{48A9FB3F-8CDE-4087-828D-A4F7439677DF}.Debug|Any CPU.Build.0 = Debug|Any CPU
		{48A9FB3F-8CDE-4087-828D-A4F7439677DF}.Release|Any CPU.ActiveCfg = Release|Any CPU
		{48A9FB3F-8CDE-4087-828D-A4F7439677DF}.Release|Any CPU.Build.0 = Release|Any CPU
		{955F8DFB-7124-46E8-B72D-258B3E025A4B}.Debug|Any CPU.ActiveCfg = Debug|Any CPU
		{955F8DFB-7124-46E8-B72D-258B3E025A4B}.Debug|Any CPU.Build.0 = Debug|Any CPU
		{955F8DFB-7124-46E8-B72D-258B3E025A4B}.Release|Any CPU.ActiveCfg = Release|Any CPU
		{955F8DFB-7124-46E8-B72D-258B3E025A4B}.Release|Any CPU.Build.0 = Release|Any CPU
		{4F7E2D3E-81D3-4D86-B432-5FFE1C087F10}.Debug|Any CPU.ActiveCfg = Debug|Any CPU
		{4F7E2D3E-81D3-4D86-B432-5FFE1C087F10}.Debug|Any CPU.Build.0 = Debug|Any CPU
		{4F7E2D3E-81D3-4D86-B432-5FFE1C087F10}.Release|Any CPU.ActiveCfg = Release|Any CPU
		{4F7E2D3E-81D3-4D86-B432-5FFE1C087F10}.Release|Any CPU.Build.0 = Release|Any CPU
		{86E19746-7D7A-4F17-A50E-F4D67E5D6654}.Debug|Any CPU.ActiveCfg = Debug|Any CPU
		{86E19746-7D7A-4F17-A50E-F4D67E5D6654}.Debug|Any CPU.Build.0 = Debug|Any CPU
		{86E19746-7D7A-4F17-A50E-F4D67E5D6654}.Release|Any CPU.ActiveCfg = Release|Any CPU
		{86E19746-7D7A-4F17-A50E-F4D67E5D6654}.Release|Any CPU.Build.0 = Release|Any CPU
		{6B2EA173-D759-44F6-B982-1D67D185A8B4}.Debug|Any CPU.ActiveCfg = Debug|Any CPU
		{6B2EA173-D759-44F6-B982-1D67D185A8B4}.Debug|Any CPU.Build.0 = Debug|Any CPU
		{6B2EA173-D759-44F6-B982-1D67D185A8B4}.Release|Any CPU.ActiveCfg = Release|Any CPU
		{6B2EA173-D759-44F6-B982-1D67D185A8B4}.Release|Any CPU.Build.0 = Release|Any CPU
		{EAF0B4C8-1818-4D35-8168-2D6252FD54F7}.Debug|Any CPU.ActiveCfg = Debug|Any CPU
		{EAF0B4C8-1818-4D35-8168-2D6252FD54F7}.Debug|Any CPU.Build.0 = Debug|Any CPU
		{EAF0B4C8-1818-4D35-8168-2D6252FD54F7}.Release|Any CPU.ActiveCfg = Release|Any CPU
		{EAF0B4C8-1818-4D35-8168-2D6252FD54F7}.Release|Any CPU.Build.0 = Release|Any CPU
		{61F928AC-BEAB-4EB9-89F9-5EAF88622C6D}.Debug|Any CPU.ActiveCfg = Debug|Any CPU
		{61F928AC-BEAB-4EB9-89F9-5EAF88622C6D}.Debug|Any CPU.Build.0 = Debug|Any CPU
		{61F928AC-BEAB-4EB9-89F9-5EAF88622C6D}.Release|Any CPU.ActiveCfg = Release|Any CPU
		{61F928AC-BEAB-4EB9-89F9-5EAF88622C6D}.Release|Any CPU.Build.0 = Release|Any CPU
		{6641B2B1-CD42-4BC3-91A9-180B26C1B694}.Debug|Any CPU.ActiveCfg = Debug|Any CPU
		{6641B2B1-CD42-4BC3-91A9-180B26C1B694}.Debug|Any CPU.Build.0 = Debug|Any CPU
		{6641B2B1-CD42-4BC3-91A9-180B26C1B694}.Release|Any CPU.ActiveCfg = Release|Any CPU
		{6641B2B1-CD42-4BC3-91A9-180B26C1B694}.Release|Any CPU.Build.0 = Release|Any CPU
		{45AB1011-F30A-42A5-826F-DBA3E47D2FBC}.Debug|Any CPU.ActiveCfg = Debug|Any CPU
		{45AB1011-F30A-42A5-826F-DBA3E47D2FBC}.Debug|Any CPU.Build.0 = Debug|Any CPU
		{45AB1011-F30A-42A5-826F-DBA3E47D2FBC}.Release|Any CPU.ActiveCfg = Release|Any CPU
		{45AB1011-F30A-42A5-826F-DBA3E47D2FBC}.Release|Any CPU.Build.0 = Release|Any CPU
		{B1D90134-3753-457D-B641-9FCA0E3535EA}.Debug|Any CPU.ActiveCfg = Debug|Any CPU
		{B1D90134-3753-457D-B641-9FCA0E3535EA}.Debug|Any CPU.Build.0 = Debug|Any CPU
		{B1D90134-3753-457D-B641-9FCA0E3535EA}.Release|Any CPU.ActiveCfg = Release|Any CPU
		{B1D90134-3753-457D-B641-9FCA0E3535EA}.Release|Any CPU.Build.0 = Release|Any CPU
		{6A5EC354-BDF1-46CD-9AAA-928C8DB378E7}.Debug|Any CPU.ActiveCfg = Debug|Any CPU
		{6A5EC354-BDF1-46CD-9AAA-928C8DB378E7}.Debug|Any CPU.Build.0 = Debug|Any CPU
		{6A5EC354-BDF1-46CD-9AAA-928C8DB378E7}.Release|Any CPU.ActiveCfg = Release|Any CPU
		{6A5EC354-BDF1-46CD-9AAA-928C8DB378E7}.Release|Any CPU.Build.0 = Release|Any CPU
	EndGlobalSection
	GlobalSection(SolutionProperties) = preSolution
		HideSolutionNode = FALSE
	EndGlobalSection
	GlobalSection(ExtensibilityGlobals) = postSolution
		SolutionGuid = {406942D3-0CCF-47E0-8343-A779C63C32D4}
	EndGlobalSection
	GlobalSection(NestedProjects) = preSolution
		{955F8DFB-7124-46E8-B72D-258B3E025A4B} = {FDD8EED6-68A7-453A-A7D7-A6EE38F25B54}
		{4F7E2D3E-81D3-4D86-B432-5FFE1C087F10} = {FDD8EED6-68A7-453A-A7D7-A6EE38F25B54}
		{86E19746-7D7A-4F17-A50E-F4D67E5D6654} = {FDD8EED6-68A7-453A-A7D7-A6EE38F25B54}
		{48A9FB3F-8CDE-4087-828D-A4F7439677DF} = {FDD8EED6-68A7-453A-A7D7-A6EE38F25B54}
		{EAF0B4C8-1818-4D35-8168-2D6252FD54F7} = {05A7ED46-4673-4A68-AF67-AEE80DB39DD3}
		{61F928AC-BEAB-4EB9-89F9-5EAF88622C6D} = {05A7ED46-4673-4A68-AF67-AEE80DB39DD3}
		{6641B2B1-CD42-4BC3-91A9-180B26C1B694} = {05A7ED46-4673-4A68-AF67-AEE80DB39DD3}
		{45AB1011-F30A-42A5-826F-DBA3E47D2FBC} = {05A7ED46-4673-4A68-AF67-AEE80DB39DD3}
		{B1D90134-3753-457D-B641-9FCA0E3535EA} = {05A7ED46-4673-4A68-AF67-AEE80DB39DD3}
		{6A5EC354-BDF1-46CD-9AAA-928C8DB378E7} = {05A7ED46-4673-4A68-AF67-AEE80DB39DD3}
	EndGlobalSection
EndGlobal
